// !$*UTF8*$!
{
	archiveVersion = 1;
	classes = {
	};
	objectVersion = 56;
	objects = {

/* Begin PBXBuildFile section */
		9A470D452AE6011E00284D37 /* Assets.xcassets in Resources */ = {isa = PBXBuildFile; fileRef = 9A470D442AE6011E00284D37 /* Assets.xcassets */; };
		9A470D4C2AF52D5200284D37 /* Contact.swift in Sources */ = {isa = PBXBuildFile; fileRef = 9A470D4B2AF52D5200284D37 /* Contact.swift */; };
		9A470D4E2AF53B1D00284D37 /* Post.swift in Sources */ = {isa = PBXBuildFile; fileRef = 9A470D4D2AF53B1D00284D37 /* Post.swift */; };
		9AB0AFC32AE5791800512045 /* TeamSyncApp.swift in Sources */ = {isa = PBXBuildFile; fileRef = 9AB0AFC22AE5791800512045 /* TeamSyncApp.swift */; };
		9AB0AFC52AE5791800512045 /* ContentView.swift in Sources */ = {isa = PBXBuildFile; fileRef = 9AB0AFC42AE5791800512045 /* ContentView.swift */; };
		9AB0AFCA2AE5791900512045 /* Preview Assets.xcassets in Resources */ = {isa = PBXBuildFile; fileRef = 9AB0AFC92AE5791900512045 /* Preview Assets.xcassets */; };
		9AB0AFD52AE5DC7800512045 /* NewsfeedViewModel.swift in Sources */ = {isa = PBXBuildFile; fileRef = 9AB0AFD42AE5DC7800512045 /* NewsfeedViewModel.swift */; };
		9AB0AFD72AE5DC8F00512045 /* TasksViewModel.swift in Sources */ = {isa = PBXBuildFile; fileRef = 9AB0AFD62AE5DC8F00512045 /* TasksViewModel.swift */; };
		9AB0AFD92AE5DCA100512045 /* DirectoryViewModel.swift in Sources */ = {isa = PBXBuildFile; fileRef = 9AB0AFD82AE5DCA100512045 /* DirectoryViewModel.swift */; };
		9AB0AFDB2AE5DCB200512045 /* AboutUsViewModel.swift in Sources */ = {isa = PBXBuildFile; fileRef = 9AB0AFDA2AE5DCB200512045 /* AboutUsViewModel.swift */; };
		9AB0AFDD2AE5DCC800512045 /* NewsfeedView.swift in Sources */ = {isa = PBXBuildFile; fileRef = 9AB0AFDC2AE5DCC800512045 /* NewsfeedView.swift */; };
		9AB0AFDF2AE5DCDA00512045 /* TasksView.swift in Sources */ = {isa = PBXBuildFile; fileRef = 9AB0AFDE2AE5DCDA00512045 /* TasksView.swift */; };
		9AB0AFE12AE5DCEA00512045 /* DirectoryView.swift in Sources */ = {isa = PBXBuildFile; fileRef = 9AB0AFE02AE5DCEA00512045 /* DirectoryView.swift */; };
		9AB0AFE32AE5DCF700512045 /* AboutUsView.swift in Sources */ = {isa = PBXBuildFile; fileRef = 9AB0AFE22AE5DCF700512045 /* AboutUsView.swift */; };
		9AB0AFE72AE5DD2900512045 /* Task.swift in Sources */ = {isa = PBXBuildFile; fileRef = 9AB0AFE62AE5DD2900512045 /* Task.swift */; };
/* End PBXBuildFile section */

/* Begin PBXFileReference section */
		9A470D442AE6011E00284D37 /* Assets.xcassets */ = {isa = PBXFileReference; lastKnownFileType = folder.assetcatalog; path = Assets.xcassets; sourceTree = "<group>"; };
		9A470D4B2AF52D5200284D37 /* Contact.swift */ = {isa = PBXFileReference; lastKnownFileType = sourcecode.swift; path = Contact.swift; sourceTree = "<group>"; };
		9A470D4D2AF53B1D00284D37 /* Post.swift */ = {isa = PBXFileReference; lastKnownFileType = sourcecode.swift; path = Post.swift; sourceTree = "<group>"; };
		9AB0AFBF2AE5791800512045 /* TeamSync.app */ = {isa = PBXFileReference; explicitFileType = wrapper.application; includeInIndex = 0; path = TeamSync.app; sourceTree = BUILT_PRODUCTS_DIR; };
		9AB0AFC22AE5791800512045 /* TeamSyncApp.swift */ = {isa = PBXFileReference; lastKnownFileType = sourcecode.swift; path = TeamSyncApp.swift; sourceTree = "<group>"; };
		9AB0AFC42AE5791800512045 /* ContentView.swift */ = {isa = PBXFileReference; lastKnownFileType = sourcecode.swift; path = ContentView.swift; sourceTree = "<group>"; };
		9AB0AFC92AE5791900512045 /* Preview Assets.xcassets */ = {isa = PBXFileReference; lastKnownFileType = folder.assetcatalog; path = "Preview Assets.xcassets"; sourceTree = "<group>"; };
		9AB0AFD42AE5DC7800512045 /* NewsfeedViewModel.swift */ = {isa = PBXFileReference; lastKnownFileType = sourcecode.swift; path = NewsfeedViewModel.swift; sourceTree = "<group>"; };
		9AB0AFD62AE5DC8F00512045 /* TasksViewModel.swift */ = {isa = PBXFileReference; lastKnownFileType = sourcecode.swift; path = TasksViewModel.swift; sourceTree = "<group>"; };
		9AB0AFD82AE5DCA100512045 /* DirectoryViewModel.swift */ = {isa = PBXFileReference; lastKnownFileType = sourcecode.swift; path = DirectoryViewModel.swift; sourceTree = "<group>"; };
		9AB0AFDA2AE5DCB200512045 /* AboutUsViewModel.swift */ = {isa = PBXFileReference; lastKnownFileType = sourcecode.swift; path = AboutUsViewModel.swift; sourceTree = "<group>"; };
		9AB0AFDC2AE5DCC800512045 /* NewsfeedView.swift */ = {isa = PBXFileReference; lastKnownFileType = sourcecode.swift; path = NewsfeedView.swift; sourceTree = "<group>"; };
		9AB0AFDE2AE5DCDA00512045 /* TasksView.swift */ = {isa = PBXFileReference; lastKnownFileType = sourcecode.swift; path = TasksView.swift; sourceTree = "<group>"; };
		9AB0AFE02AE5DCEA00512045 /* DirectoryView.swift */ = {isa = PBXFileReference; lastKnownFileType = sourcecode.swift; path = DirectoryView.swift; sourceTree = "<group>"; };
		9AB0AFE22AE5DCF700512045 /* AboutUsView.swift */ = {isa = PBXFileReference; lastKnownFileType = sourcecode.swift; path = AboutUsView.swift; sourceTree = "<group>"; };
		9AB0AFE62AE5DD2900512045 /* Task.swift */ = {isa = PBXFileReference; lastKnownFileType = sourcecode.swift; path = Task.swift; sourceTree = "<group>"; };
/* End PBXFileReference section */

/* Begin PBXFrameworksBuildPhase section */
		9AB0AFBC2AE5791800512045 /* Frameworks */ = {
			isa = PBXFrameworksBuildPhase;
			buildActionMask = 2147483647;
			files = (
			);
			runOnlyForDeploymentPostprocessing = 0;
		};
/* End PBXFrameworksBuildPhase section */

/* Begin PBXGroup section */
		9AB0AFB62AE5791800512045 = {
			isa = PBXGroup;
			children = (
				9AB0AFC12AE5791800512045 /* TeamSync */,
				9AB0AFC02AE5791800512045 /* Products */,
			);
			sourceTree = "<group>";
		};
		9AB0AFC02AE5791800512045 /* Products */ = {
			isa = PBXGroup;
			children = (
				9AB0AFBF2AE5791800512045 /* TeamSync.app */,
			);
			name = Products;
			sourceTree = "<group>";
		};
		9AB0AFC12AE5791800512045 /* TeamSync */ = {
			isa = PBXGroup;
			children = (
				9AB0AFD22AE5DAEC00512045 /* Models */,
				9AB0AFD12AE5DAE200512045 /* Views */,
				9AB0AFD02AE5DAD100512045 /* ViewModels */,
				9AB0AFC22AE5791800512045 /* TeamSyncApp.swift */,
				9AB0AFC42AE5791800512045 /* ContentView.swift */,
				9A470D442AE6011E00284D37 /* Assets.xcassets */,
				9AB0AFC82AE5791900512045 /* Preview Content */,
			);
			path = TeamSync;
			sourceTree = "<group>";
		};
		9AB0AFC82AE5791900512045 /* Preview Content */ = {
			isa = PBXGroup;
			children = (
				9AB0AFC92AE5791900512045 /* Preview Assets.xcassets */,
			);
			path = "Preview Content";
			sourceTree = "<group>";
		};
		9AB0AFD02AE5DAD100512045 /* ViewModels */ = {
			isa = PBXGroup;
			children = (
				9AB0AFD42AE5DC7800512045 /* NewsfeedViewModel.swift */,
				9AB0AFD62AE5DC8F00512045 /* TasksViewModel.swift */,
				9AB0AFD82AE5DCA100512045 /* DirectoryViewModel.swift */,
				9AB0AFDA2AE5DCB200512045 /* AboutUsViewModel.swift */,
			);
			path = ViewModels;
			sourceTree = "<group>";
		};
		9AB0AFD12AE5DAE200512045 /* Views */ = {
			isa = PBXGroup;
			children = (
				9AB0AFDC2AE5DCC800512045 /* NewsfeedView.swift */,
				9AB0AFDE2AE5DCDA00512045 /* TasksView.swift */,
				9AB0AFE02AE5DCEA00512045 /* DirectoryView.swift */,
				9AB0AFE22AE5DCF700512045 /* AboutUsView.swift */,
			);
			path = Views;
			sourceTree = "<group>";
		};
		9AB0AFD22AE5DAEC00512045 /* Models */ = {
			isa = PBXGroup;
			children = (
				9AB0AFE62AE5DD2900512045 /* Task.swift */,
				9A470D4B2AF52D5200284D37 /* Contact.swift */,
				9A470D4D2AF53B1D00284D37 /* Post.swift */,
			);
			path = Models;
			sourceTree = "<group>";
		};
/* End PBXGroup section */

/* Begin PBXNativeTarget section */
		9AB0AFBE2AE5791800512045 /* TeamSync */ = {
			isa = PBXNativeTarget;
			buildConfigurationList = 9AB0AFCD2AE5791900512045 /* Build configuration list for PBXNativeTarget "TeamSync" */;
			buildPhases = (
				9AB0AFBB2AE5791800512045 /* Sources */,
				9AB0AFBC2AE5791800512045 /* Frameworks */,
				9AB0AFBD2AE5791800512045 /* Resources */,
			);
			buildRules = (
			);
			dependencies = (
			);
			name = TeamSync;
			packageProductDependencies = (
			);
			productName = TeamSync;
			productReference = 9AB0AFBF2AE5791800512045 /* TeamSync.app */;
			productType = "com.apple.product-type.application";
		};
/* End PBXNativeTarget section */

/* Begin PBXProject section */
		9AB0AFB72AE5791800512045 /* Project object */ = {
			isa = PBXProject;
			attributes = {
				BuildIndependentTargetsInParallel = 1;
				LastSwiftUpdateCheck = 1500;
				LastUpgradeCheck = 1500;
				TargetAttributes = {
					9AB0AFBE2AE5791800512045 = {
						CreatedOnToolsVersion = 15.0;
					};
				};
			};
			buildConfigurationList = 9AB0AFBA2AE5791800512045 /* Build configuration list for PBXProject "TeamSync" */;
			compatibilityVersion = "Xcode 14.0";
			developmentRegion = en;
			hasScannedForEncodings = 0;
			knownRegions = (
				en,
				Base,
			);
			mainGroup = 9AB0AFB62AE5791800512045;
			packageReferences = (
			);
			productRefGroup = 9AB0AFC02AE5791800512045 /* Products */;
			projectDirPath = "";
			projectRoot = "";
			targets = (
				9AB0AFBE2AE5791800512045 /* TeamSync */,
			);
		};
/* End PBXProject section */

/* Begin PBXResourcesBuildPhase section */
		9AB0AFBD2AE5791800512045 /* Resources */ = {
			isa = PBXResourcesBuildPhase;
			buildActionMask = 2147483647;
			files = (
				9A470D452AE6011E00284D37 /* Assets.xcassets in Resources */,
				9AB0AFCA2AE5791900512045 /* Preview Assets.xcassets in Resources */,
			);
			runOnlyForDeploymentPostprocessing = 0;
		};
/* End PBXResourcesBuildPhase section */

/* Begin PBXSourcesBuildPhase section */
		9AB0AFBB2AE5791800512045 /* Sources */ = {
			isa = PBXSourcesBuildPhase;
			buildActionMask = 2147483647;
			files = (
				9A470D4C2AF52D5200284D37 /* Contact.swift in Sources */,
				9AB0AFE12AE5DCEA00512045 /* DirectoryView.swift in Sources */,
				9AB0AFD52AE5DC7800512045 /* NewsfeedViewModel.swift in Sources */,
				9AB0AFD72AE5DC8F00512045 /* TasksViewModel.swift in Sources */,
				9A470D4E2AF53B1D00284D37 /* Post.swift in Sources */,
				9AB0AFE72AE5DD2900512045 /* Task.swift in Sources */,
				9AB0AFC52AE5791800512045 /* ContentView.swift in Sources */,
				9AB0AFDF2AE5DCDA00512045 /* TasksView.swift in Sources */,
				9AB0AFD92AE5DCA100512045 /* DirectoryViewModel.swift in Sources */,
				9AB0AFE32AE5DCF700512045 /* AboutUsView.swift in Sources */,
				9AB0AFDD2AE5DCC800512045 /* NewsfeedView.swift in Sources */,
				9AB0AFDB2AE5DCB200512045 /* AboutUsViewModel.swift in Sources */,
				9AB0AFC32AE5791800512045 /* TeamSyncApp.swift in Sources */,
			);
			runOnlyForDeploymentPostprocessing = 0;
		};
/* End PBXSourcesBuildPhase section */

/* Begin XCBuildConfiguration section */
		9AB0AFCB2AE5791900512045 /* Debug */ = {
			isa = XCBuildConfiguration;
			buildSettings = {
				ALWAYS_SEARCH_USER_PATHS = NO;
				ASSETCATALOG_COMPILER_GENERATE_SWIFT_ASSET_SYMBOL_EXTENSIONS = YES;
				CLANG_ANALYZER_NONNULL = YES;
				CLANG_ANALYZER_NUMBER_OBJECT_CONVERSION = YES_AGGRESSIVE;
				CLANG_CXX_LANGUAGE_STANDARD = "gnu++20";
				CLANG_ENABLE_MODULES = YES;
				CLANG_ENABLE_OBJC_ARC = YES;
				CLANG_ENABLE_OBJC_WEAK = YES;
				CLANG_WARN_BLOCK_CAPTURE_AUTORELEASING = YES;
				CLANG_WARN_BOOL_CONVERSION = YES;
				CLANG_WARN_COMMA = YES;
				CLANG_WARN_CONSTANT_CONVERSION = YES;
				CLANG_WARN_DEPRECATED_OBJC_IMPLEMENTATIONS = YES;
				CLANG_WARN_DIRECT_OBJC_ISA_USAGE = YES_ERROR;
				CLANG_WARN_DOCUMENTATION_COMMENTS = YES;
				CLANG_WARN_EMPTY_BODY = YES;
				CLANG_WARN_ENUM_CONVERSION = YES;
				CLANG_WARN_INFINITE_RECURSION = YES;
				CLANG_WARN_INT_CONVERSION = YES;
				CLANG_WARN_NON_LITERAL_NULL_CONVERSION = YES;
				CLANG_WARN_OBJC_IMPLICIT_RETAIN_SELF = YES;
				CLANG_WARN_OBJC_LITERAL_CONVERSION = YES;
				CLANG_WARN_OBJC_ROOT_CLASS = YES_ERROR;
				CLANG_WARN_QUOTED_INCLUDE_IN_FRAMEWORK_HEADER = YES;
				CLANG_WARN_RANGE_LOOP_ANALYSIS = YES;
				CLANG_WARN_STRICT_PROTOTYPES = YES;
				CLANG_WARN_SUSPICIOUS_MOVE = YES;
				CLANG_WARN_UNGUARDED_AVAILABILITY = YES_AGGRESSIVE;
				CLANG_WARN_UNREACHABLE_CODE = YES;
				CLANG_WARN__DUPLICATE_METHOD_MATCH = YES;
				COPY_PHASE_STRIP = NO;
				DEBUG_INFORMATION_FORMAT = dwarf;
				ENABLE_STRICT_OBJC_MSGSEND = YES;
				ENABLE_TESTABILITY = YES;
				ENABLE_USER_SCRIPT_SANDBOXING = YES;
				GCC_C_LANGUAGE_STANDARD = gnu17;
				GCC_DYNAMIC_NO_PIC = NO;
				GCC_NO_COMMON_BLOCKS = YES;
				GCC_OPTIMIZATION_LEVEL = 0;
				GCC_PREPROCESSOR_DEFINITIONS = (
					"DEBUG=1",
					"$(inherited)",
				);
				GCC_WARN_64_TO_32_BIT_CONVERSION = YES;
				GCC_WARN_ABOUT_RETURN_TYPE = YES_ERROR;
				GCC_WARN_UNDECLARED_SELECTOR = YES;
				GCC_WARN_UNINITIALIZED_AUTOS = YES_AGGRESSIVE;
				GCC_WARN_UNUSED_FUNCTION = YES;
				GCC_WARN_UNUSED_VARIABLE = YES;
				IPHONEOS_DEPLOYMENT_TARGET = 17.0;
				LOCALIZATION_PREFERS_STRING_CATALOGS = YES;
				MTL_ENABLE_DEBUG_INFO = INCLUDE_SOURCE;
				MTL_FAST_MATH = YES;
				ONLY_ACTIVE_ARCH = YES;
				SDKROOT = iphoneos;
				SWIFT_ACTIVE_COMPILATION_CONDITIONS = "DEBUG $(inherited)";
				SWIFT_OPTIMIZATION_LEVEL = "-Onone";
			};
			name = Debug;
		};
		9AB0AFCC2AE5791900512045 /* Release */ = {
			isa = XCBuildConfiguration;
			buildSettings = {
				ALWAYS_SEARCH_USER_PATHS = NO;
				ASSETCATALOG_COMPILER_GENERATE_SWIFT_ASSET_SYMBOL_EXTENSIONS = YES;
				CLANG_ANALYZER_NONNULL = YES;
				CLANG_ANALYZER_NUMBER_OBJECT_CONVERSION = YES_AGGRESSIVE;
				CLANG_CXX_LANGUAGE_STANDARD = "gnu++20";
				CLANG_ENABLE_MODULES = YES;
				CLANG_ENABLE_OBJC_ARC = YES;
				CLANG_ENABLE_OBJC_WEAK = YES;
				CLANG_WARN_BLOCK_CAPTURE_AUTORELEASING = YES;
				CLANG_WARN_BOOL_CONVERSION = YES;
				CLANG_WARN_COMMA = YES;
				CLANG_WARN_CONSTANT_CONVERSION = YES;
				CLANG_WARN_DEPRECATED_OBJC_IMPLEMENTATIONS = YES;
				CLANG_WARN_DIRECT_OBJC_ISA_USAGE = YES_ERROR;
				CLANG_WARN_DOCUMENTATION_COMMENTS = YES;
				CLANG_WARN_EMPTY_BODY = YES;
				CLANG_WARN_ENUM_CONVERSION = YES;
				CLANG_WARN_INFINITE_RECURSION = YES;
				CLANG_WARN_INT_CONVERSION = YES;
				CLANG_WARN_NON_LITERAL_NULL_CONVERSION = YES;
				CLANG_WARN_OBJC_IMPLICIT_RETAIN_SELF = YES;
				CLANG_WARN_OBJC_LITERAL_CONVERSION = YES;
				CLANG_WARN_OBJC_ROOT_CLASS = YES_ERROR;
				CLANG_WARN_QUOTED_INCLUDE_IN_FRAMEWORK_HEADER = YES;
				CLANG_WARN_RANGE_LOOP_ANALYSIS = YES;
				CLANG_WARN_STRICT_PROTOTYPES = YES;
				CLANG_WARN_SUSPICIOUS_MOVE = YES;
				CLANG_WARN_UNGUARDED_AVAILABILITY = YES_AGGRESSIVE;
				CLANG_WARN_UNREACHABLE_CODE = YES;
				CLANG_WARN__DUPLICATE_METHOD_MATCH = YES;
				COPY_PHASE_STRIP = NO;
				DEBUG_INFORMATION_FORMAT = "dwarf-with-dsym";
				ENABLE_NS_ASSERTIONS = NO;
				ENABLE_STRICT_OBJC_MSGSEND = YES;
				ENABLE_USER_SCRIPT_SANDBOXING = YES;
				GCC_C_LANGUAGE_STANDARD = gnu17;
				GCC_NO_COMMON_BLOCKS = YES;
				GCC_WARN_64_TO_32_BIT_CONVERSION = YES;
				GCC_WARN_ABOUT_RETURN_TYPE = YES_ERROR;
				GCC_WARN_UNDECLARED_SELECTOR = YES;
				GCC_WARN_UNINITIALIZED_AUTOS = YES_AGGRESSIVE;
				GCC_WARN_UNUSED_FUNCTION = YES;
				GCC_WARN_UNUSED_VARIABLE = YES;
				IPHONEOS_DEPLOYMENT_TARGET = 17.0;
				LOCALIZATION_PREFERS_STRING_CATALOGS = YES;
				MTL_ENABLE_DEBUG_INFO = NO;
				MTL_FAST_MATH = YES;
				SDKROOT = iphoneos;
				SWIFT_COMPILATION_MODE = wholemodule;
				VALIDATE_PRODUCT = YES;
			};
			name = Release;
		};
		9AB0AFCE2AE5791900512045 /* Debug */ = {
			isa = XCBuildConfiguration;
			buildSettings = {
				ASSETCATALOG_COMPILER_APPICON_NAME = AppIcon;
				ASSETCATALOG_COMPILER_GLOBAL_ACCENT_COLOR_NAME = AccentColor;
				CODE_SIGN_STYLE = Automatic;
				CURRENT_PROJECT_VERSION = 1;
				DEVELOPMENT_ASSET_PATHS = "\"TeamSync/Preview Content\"";
				ENABLE_PREVIEWS = YES;
				GENERATE_INFOPLIST_FILE = YES;
				INFOPLIST_KEY_UIApplicationSceneManifest_Generation = YES;
				INFOPLIST_KEY_UIApplicationSupportsIndirectInputEvents = YES;
				INFOPLIST_KEY_UILaunchScreen_Generation = YES;
				INFOPLIST_KEY_UISupportedInterfaceOrientations_iPad = "UIInterfaceOrientationPortrait UIInterfaceOrientationPortraitUpsideDown UIInterfaceOrientationLandscapeLeft UIInterfaceOrientationLandscapeRight";
				INFOPLIST_KEY_UISupportedInterfaceOrientations_iPhone = "UIInterfaceOrientationPortrait UIInterfaceOrientationLandscapeLeft UIInterfaceOrientationLandscapeRight";
				LD_RUNPATH_SEARCH_PATHS = (
					"$(inherited)",
					"@executable_path/Frameworks",
				);
				MARKETING_VERSION = 1.0;
				PRODUCT_BUNDLE_IDENTIFIER = bedard.TeamSync;
				PRODUCT_NAME = "$(TARGET_NAME)";
				SWIFT_EMIT_LOC_STRINGS = YES;
				SWIFT_VERSION = 5.0;
				TARGETED_DEVICE_FAMILY = "1,2";
			};
			name = Debug;
		};
		9AB0AFCF2AE5791900512045 /* Release */ = {
			isa = XCBuildConfiguration;
			buildSettings = {
				ASSETCATALOG_COMPILER_APPICON_NAME = AppIcon;
				ASSETCATALOG_COMPILER_GLOBAL_ACCENT_COLOR_NAME = AccentColor;
				CODE_SIGN_STYLE = Automatic;
				CURRENT_PROJECT_VERSION = 1;
				DEVELOPMENT_ASSET_PATHS = "\"TeamSync/Preview Content\"";
				ENABLE_PREVIEWS = YES;
				GENERATE_INFOPLIST_FILE = YES;
				INFOPLIST_KEY_UIApplicationSceneManifest_Generation = YES;
				INFOPLIST_KEY_UIApplicationSupportsIndirectInputEvents = YES;
				INFOPLIST_KEY_UILaunchScreen_Generation = YES;
				INFOPLIST_KEY_UISupportedInterfaceOrientations_iPad = "UIInterfaceOrientationPortrait UIInterfaceOrientationPortraitUpsideDown UIInterfaceOrientationLandscapeLeft UIInterfaceOrientationLandscapeRight";
				INFOPLIST_KEY_UISupportedInterfaceOrientations_iPhone = "UIInterfaceOrientationPortrait UIInterfaceOrientationLandscapeLeft UIInterfaceOrientationLandscapeRight";
				LD_RUNPATH_SEARCH_PATHS = (
					"$(inherited)",
					"@executable_path/Frameworks",
				);
				MARKETING_VERSION = 1.0;
				PRODUCT_BUNDLE_IDENTIFIER = bedard.TeamSync;
				PRODUCT_NAME = "$(TARGET_NAME)";
				SWIFT_EMIT_LOC_STRINGS = YES;
				SWIFT_VERSION = 5.0;
				TARGETED_DEVICE_FAMILY = "1,2";
			};
			name = Release;
		};
/* End XCBuildConfiguration section */

/* Begin XCConfigurationList section */
		9AB0AFBA2AE5791800512045 /* Build configuration list for PBXProject "TeamSync" */ = {
			isa = XCConfigurationList;
			buildConfigurations = (
				9AB0AFCB2AE5791900512045 /* Debug */,
				9AB0AFCC2AE5791900512045 /* Release */,
			);
			defaultConfigurationIsVisible = 0;
			defaultConfigurationName = Release;
		};
		9AB0AFCD2AE5791900512045 /* Build configuration list for PBXNativeTarget "TeamSync" */ = {
			isa = XCConfigurationList;
			buildConfigurations = (
				9AB0AFCE2AE5791900512045 /* Debug */,
				9AB0AFCF2AE5791900512045 /* Release */,
			);
			defaultConfigurationIsVisible = 0;
			defaultConfigurationName = Release;
		};
/* End XCConfigurationList section */
	};
	rootObject = 9AB0AFB72AE5791800512045 /* Project object */;
}
